
Microsoft Visual Studio Solution File, Format Version 12.00
# Visual Studio Version 16
VisualStudioVersion = 16.0.30011.22
MinimumVisualStudioVersion = 10.0.40219.1
Project("{FAE04EC0-301F-11D3-BF4B-00C04F79EFBC}") = "Plugin.BaseXForms", "Plugin.BaseXForms\Plugin.BaseXForms.csproj", "{4EE64906-5D91-4A64-8A5F-0B9304EECAEE}"
EndProject
Global
	GlobalSection(SolutionConfigurationPlatforms) = preSolution
		Debug|Any CPU = Debug|Any CPU
		Release|Any CPU = Release|Any CPU
	EndGlobalSection
	GlobalSection(ProjectConfigurationPlatforms) = postSolution
		{4EE64906-5D91-4A64-8A5F-0B9304EECAEE}.Debug|Any CPU.ActiveCfg = Debug|Any CPU
		{4EE64906-5D91-4A64-8A5F-0B9304EECAEE}.Debug|Any CPU.Build.0 = Debug|Any CPU
		{4EE64906-5D91-4A64-8A5F-0B9304EECAEE}.Release|Any CPU.ActiveCfg = Release|Any CPU
		{4EE64906-5D91-4A64-8A5F-0B9304EECAEE}.Release|Any CPU.Build.0 = Release|Any CPU
	EndGlobalSection
	GlobalSection(SolutionProperties) = preSolution
		HideSolutionNode = FALSE
	EndGlobalSection
	GlobalSection(ExtensibilityGlobals) = postSolution
		SolutionGuid = {DF09CDA1-93D6-4FE4-B1F3-8F511B41DEC8}
	EndGlobalSection
EndGlobal
